%{"cuttlefish": {:git, "https://github.com/basho/cuttlefish.git", "a463682ba86e9f49404dd72bb052e6e0c4b40839", [tag: "2.0.6"]},
  "eleveldb": {:git, "https://github.com/basho/eleveldb.git", "a36dbd609c742d9ad572c38c3464730da3419248", [tag: "2.1.0"]},
  "exleveldb": {:hex, :exleveldb, "0.6.1", "82b3eb45fa2c93688d25b1fa33a56361cead18cd1cfb6cfb35154c68b39fc054", [:mix], []},
  "getopt": {:git, "git://github.com/jcomellas/getopt.git", "388dc95caa7fb97ec7db8cfc39246a36aba61bd8", [tag: "v0.8.2"]},
  "goldrush": {:git, "git://github.com/DeadZen/goldrush.git", "64864ba7fcf40988361340e48680b49a2c2938cf", [tag: "0.1.7"]},
  "hashids": {:hex, :hashids, "2.0.2", "16f7d1cd9d692633927847f05d1531997b4d302d689c5210c2e9bf281859fa78", [:mix], []},
  "lager": {:git, "git://github.com/basho/lager.git", "f65dde85523b6aa6a259db1c93518187ae366515", [tag: "2.2.0"]},
  "neotoma": {:git, "git://github.com/seancribbs/neotoma.git", "6ac6007c7713712a80096de5c7cdf5b85b01374e", [tag: "1.7.3"]},
  "ranch": {:hex, :ranch, "1.0.0", "e3ac054e4265de77e2d2696dd7e1d6a67b7525aade13ba10c860e7f499a0d433", [:make], []}}
